{
  "object": {
    "pins": [
      {
        "package": "BabyNet",
        "repositoryURL": "https://github.com/4440449/BabyNet",
        "state": {
          "branch": "master",
          "revision": "52147537693b48296830846f215ff7904396aafb",
          "version": null
        }
      },
      {
        "package": "MommysEye",
        "repositoryURL": "https://github.com/4440449/MommysEye",
        "state": {
          "branch": "master",
          "revision": "a443a7adcbb664061094c5bf4221e8467bf54c54",
          "version": null
        }
      }
    ]
  },
  "version": 1
}
