// !$*UTF8*$!
{
	archiveVersion = 1;
	classes = {
	};
	objectVersion = 52;
	objects = {

/* Begin PBXBuildFile section */
		50A1CB87278CCC63000F9BFC /* AppDelegate.swift in Sources */ = {isa = PBXBuildFile; fileRef = 50A1CB86278CCC63000F9BFC /* AppDelegate.swift */; };
		50A1CB89278CCC63000F9BFC /* SceneDelegate.swift in Sources */ = {isa = PBXBuildFile; fileRef = 50A1CB88278CCC63000F9BFC /* SceneDelegate.swift */; };
		50A1CB8B278CCC63000F9BFC /* MainViewController_CN.swift in Sources */ = {isa = PBXBuildFile; fileRef = 50A1CB8A278CCC63000F9BFC /* MainViewController_CN.swift */; };
		50A1CB90278CCC6F000F9BFC /* Assets.xcassets in Resources */ = {isa = PBXBuildFile; fileRef = 50A1CB8F278CCC6F000F9BFC /* Assets.xcassets */; };
		50A1CB93278CCC6F000F9BFC /* LaunchScreen.storyboard in Resources */ = {isa = PBXBuildFile; fileRef = 50A1CB91278CCC6F000F9BFC /* LaunchScreen.storyboard */; };
		50A1CB9B278CF04B000F9BFC /* MainCollectionViewCell_CN.swift in Sources */ = {isa = PBXBuildFile; fileRef = 50A1CB9A278CF04B000F9BFC /* MainCollectionViewCell_CN.swift */; };
		50A1CB9F278F63B0000F9BFC /* MainTabBarViewController_CN.swift in Sources */ = {isa = PBXBuildFile; fileRef = 50A1CB9E278F63B0000F9BFC /* MainTabBarViewController_CN.swift */; };
		50A1CBA1278F6C50000F9BFC /* NotificationsViewController_CN.swift in Sources */ = {isa = PBXBuildFile; fileRef = 50A1CBA0278F6C50000F9BFC /* NotificationsViewController_CN.swift */; };
		50A1CBA3278F6C92000F9BFC /* MenuViewController_CN.swift in Sources */ = {isa = PBXBuildFile; fileRef = 50A1CBA2278F6C92000F9BFC /* MenuViewController_CN.swift */; };
		94057F1E27973A32009B5A2B /* NotificationsCollectionViewCell_CN.swift in Sources */ = {isa = PBXBuildFile; fileRef = 94057F1D27973A32009B5A2B /* NotificationsCollectionViewCell_CN.swift */; };
		94057F2027975249009B5A2B /* NotificationsCollectionHeaderReusableView.swift in Sources */ = {isa = PBXBuildFile; fileRef = 94057F1F27975249009B5A2B /* NotificationsCollectionHeaderReusableView.swift */; };
		9426DB9227C181520057CB68 /* TestViewController.swift in Sources */ = {isa = PBXBuildFile; fileRef = 9426DB9127C181520057CB68 /* TestViewController.swift */; };
		9426DB9427C1E5570057CB68 /* Animator_CN.swift in Sources */ = {isa = PBXBuildFile; fileRef = 9426DB9327C1E5570057CB68 /* Animator_CN.swift */; };
		94376043285F5B2400884E5A /* BabyNet in Frameworks */ = {isa = PBXBuildFile; productRef = 94376042285F5B2400884E5A /* BabyNet */; };
		94376046285F5BDA00884E5A /* MommysEye in Frameworks */ = {isa = PBXBuildFile; productRef = 94376045285F5BDA00884E5A /* MommysEye */; };
		9437604C2861F94900884E5A /* Montserrat-Regular.ttf in Resources */ = {isa = PBXBuildFile; fileRef = 943760472861F74300884E5A /* Montserrat-Regular.ttf */; };
		9437604D2861F94900884E5A /* Montserrat-Thin.ttf in Resources */ = {isa = PBXBuildFile; fileRef = 943760492861F74300884E5A /* Montserrat-Thin.ttf */; };
		9437604E2861F94900884E5A /* Montserrat-Bold.ttf in Resources */ = {isa = PBXBuildFile; fileRef = 9437604B2861F74300884E5A /* Montserrat-Bold.ttf */; };
		9437604F2861F94900884E5A /* Montserrat-Black.ttf in Resources */ = {isa = PBXBuildFile; fileRef = 943760482861F74300884E5A /* Montserrat-Black.ttf */; };
		943760502861F94900884E5A /* Montserrat-ExtraBold.ttf in Resources */ = {isa = PBXBuildFile; fileRef = 9437604A2861F74300884E5A /* Montserrat-ExtraBold.ttf */; };
		943760522863228C00884E5A /* QuoteCardNetworkSessionDelegate_CN.swift in Sources */ = {isa = PBXBuildFile; fileRef = 943760512863228C00884E5A /* QuoteCardNetworkSessionDelegate_CN.swift */; };
		943760552865D1E100884E5A /* QuoteCardErrorHandler_CN.swift in Sources */ = {isa = PBXBuildFile; fileRef = 943760542865D1E100884E5A /* QuoteCardErrorHandler_CN.swift */; };
		9437605B2865D65500884E5A /* NotificationsErrorHandler_CN.swift in Sources */ = {isa = PBXBuildFile; fileRef = 9437605A2865D65500884E5A /* NotificationsErrorHandler_CN.swift */; };
		9437605E2865FBA800884E5A /* SplashErrorHandler_CN.swift in Sources */ = {isa = PBXBuildFile; fileRef = 9437605D2865FBA800884E5A /* SplashErrorHandler_CN.swift */; };
		943760602865FFEC00884E5A /* SceneErrorHandlerProtocol_CN.swift in Sources */ = {isa = PBXBuildFile; fileRef = 9437605F2865FFEC00884E5A /* SceneErrorHandlerProtocol_CN.swift */; };
		9437606328661BB900884E5A /* NotificationsSceneErrorHandler_CN.swift in Sources */ = {isa = PBXBuildFile; fileRef = 9437606228661BB900884E5A /* NotificationsSceneErrorHandler_CN.swift */; };
		943760662866501D00884E5A /* QuoteCardError_CN.swift in Sources */ = {isa = PBXBuildFile; fileRef = 943760652866501D00884E5A /* QuoteCardError_CN.swift */; };
		9437606A2866507B00884E5A /* NotificationError_CN.swift in Sources */ = {isa = PBXBuildFile; fileRef = 943760692866507B00884E5A /* NotificationError_CN.swift */; };
		943D160527B9A5190071F054 /* QuoteCardState_CN.swift in Sources */ = {isa = PBXBuildFile; fileRef = 943D160427B9A5190071F054 /* QuoteCardState_CN.swift */; };
		943D160727BA97710071F054 /* MainErrorHandler_CN.swift in Sources */ = {isa = PBXBuildFile; fileRef = 943D160627BA97710071F054 /* MainErrorHandler_CN.swift */; };
		943D160A27BA9AAF0071F054 /* DrawTextOnImage_CN.swift in Sources */ = {isa = PBXBuildFile; fileRef = 943D160927BA9AAF0071F054 /* DrawTextOnImage_CN.swift */; };
		9441818627AD83B300AD9FDD /* SplashViewController_CN.swift in Sources */ = {isa = PBXBuildFile; fileRef = 9441818527AD83B300AD9FDD /* SplashViewController_CN.swift */; };
		9441818A27AD83F500AD9FDD /* SplashViewModel_CN.swift in Sources */ = {isa = PBXBuildFile; fileRef = 9441818927AD83F500AD9FDD /* SplashViewModel_CN.swift */; };
		9441818D27AD842B00AD9FDD /* SplashRouter_CN.swift in Sources */ = {isa = PBXBuildFile; fileRef = 9441818C27AD842B00AD9FDD /* SplashRouter_CN.swift */; };
		9441819027AD848000AD9FDD /* SplashSceneConfigurator_CN.swift in Sources */ = {isa = PBXBuildFile; fileRef = 9441818F27AD848000AD9FDD /* SplashSceneConfigurator_CN.swift */; };
		9458BDC4285F353100CF3E61 /* QuoteCardNetworkEntity_CN.swift in Sources */ = {isa = PBXBuildFile; fileRef = 9458BDC3285F353100CF3E61 /* QuoteCardNetworkEntity_CN.swift */; };
		946AF5BF2871DEC70047E508 /* DomainErrorProtocol_CN.swift in Sources */ = {isa = PBXBuildFile; fileRef = 946AF5BE2871DEC70047E508 /* DomainErrorProtocol_CN.swift */; };
		946AF5D428730B680047E508 /* MenuTransitionDelegate_CN.swift in Sources */ = {isa = PBXBuildFile; fileRef = 946AF5D328730B680047E508 /* MenuTransitionDelegate_CN.swift */; };
		946B13E527AF398E00AF3BBB /* SceneState.swift in Sources */ = {isa = PBXBuildFile; fileRef = 946B13E427AF398E00AF3BBB /* SceneState.swift */; };
		946B13E727B0014C00AF3BBB /* PushNotificationsAuthStatus_CN.swift in Sources */ = {isa = PBXBuildFile; fileRef = 946B13E627B0014C00AF3BBB /* PushNotificationsAuthStatus_CN.swift */; };
		946B13E927B1D5F000AF3BBB /* AppColors_CN.swift in Sources */ = {isa = PBXBuildFile; fileRef = 946B13E827B1D5F000AF3BBB /* AppColors_CN.swift */; };
		946B13F027B2BE8800AF3BBB /* FavoritesSceneConfigurator_CN.swift in Sources */ = {isa = PBXBuildFile; fileRef = 946B13EF27B2BE8800AF3BBB /* FavoritesSceneConfigurator_CN.swift */; };
		946B13F227B2BEA300AF3BBB /* FavoritesViewController_CN.swift in Sources */ = {isa = PBXBuildFile; fileRef = 946B13F127B2BEA300AF3BBB /* FavoritesViewController_CN.swift */; };
		946B13F427B2BEE100AF3BBB /* FavoritesViewModel_CN.swift in Sources */ = {isa = PBXBuildFile; fileRef = 946B13F327B2BEE100AF3BBB /* FavoritesViewModel_CN.swift */; };
		946B13F627B2BEF200AF3BBB /* FavoritesRouter_CN.swift in Sources */ = {isa = PBXBuildFile; fileRef = 946B13F527B2BEF200AF3BBB /* FavoritesRouter_CN.swift */; };
		946B13F827B2C1A100AF3BBB /* FavoritesCollectionViewCell.swift in Sources */ = {isa = PBXBuildFile; fileRef = 946B13F727B2C1A100AF3BBB /* FavoritesCollectionViewCell.swift */; };
		946B13FE27B2D5D800AF3BBB /* CoreDataStack_CN.swift in Sources */ = {isa = PBXBuildFile; fileRef = 946B13FD27B2D5D800AF3BBB /* CoreDataStack_CN.swift */; };
		946B140227B2D73E00AF3BBB /* CalmingNotifications.xcdatamodeld in Sources */ = {isa = PBXBuildFile; fileRef = 946B140027B2D73E00AF3BBB /* CalmingNotifications.xcdatamodeld */; };
		946B140A27B2F77500AF3BBB /* QuoteCardDBEntity+CoreDataClass.swift in Sources */ = {isa = PBXBuildFile; fileRef = 946B140827B2F77500AF3BBB /* QuoteCardDBEntity+CoreDataClass.swift */; };
		946B140B27B2F77500AF3BBB /* QuoteCardDBEntity+CoreDataProperties.swift in Sources */ = {isa = PBXBuildFile; fileRef = 946B140927B2F77500AF3BBB /* QuoteCardDBEntity+CoreDataProperties.swift */; };
		946B140D27B3045B00AF3BBB /* FavoritesErrorHandler_CN.swift in Sources */ = {isa = PBXBuildFile; fileRef = 946B140C27B3045B00AF3BBB /* FavoritesErrorHandler_CN.swift */; };
		946B141027B459CA00AF3BBB /* GatewaysRepositoryDIContainer_CN.swift in Sources */ = {isa = PBXBuildFile; fileRef = 946B140F27B459CA00AF3BBB /* GatewaysRepositoryDIContainer_CN.swift */; };
		946B141427B470A000AF3BBB /* MainTabBarConfigurator_CN.swift in Sources */ = {isa = PBXBuildFile; fileRef = 946B141327B470A000AF3BBB /* MainTabBarConfigurator_CN.swift */; };
		946B141827B5C41600AF3BBB /* MenuCollectionViewCell.swift in Sources */ = {isa = PBXBuildFile; fileRef = 946B141727B5C41600AF3BBB /* MenuCollectionViewCell.swift */; };
		946B141B27B5C9FC00AF3BBB /* MenuItem_CN.swift in Sources */ = {isa = PBXBuildFile; fileRef = 946B141A27B5C9FC00AF3BBB /* MenuItem_CN.swift */; };
		946B141E27B6DD8A00AF3BBB /* ShadowSetup_CN.swift in Sources */ = {isa = PBXBuildFile; fileRef = 946B141D27B6DD8A00AF3BBB /* ShadowSetup_CN.swift */; };
		946B142027B6F93E00AF3BBB /* DateFormatter_CN.swift in Sources */ = {isa = PBXBuildFile; fileRef = 946B141F27B6F93E00AF3BBB /* DateFormatter_CN.swift */; };
		946B142227B6FC1200AF3BBB /* MenuItemGateway_CN.swift in Sources */ = {isa = PBXBuildFile; fileRef = 946B142127B6FC1200AF3BBB /* MenuItemGateway_CN.swift */; };
		946B142527B6FDAF00AF3BBB /* MenuErrorHandler_CN.swift in Sources */ = {isa = PBXBuildFile; fileRef = 946B142427B6FDAF00AF3BBB /* MenuErrorHandler_CN.swift */; };
		946B142827B6FF3500AF3BBB /* MenuItemRepository_CN.swift in Sources */ = {isa = PBXBuildFile; fileRef = 946B142727B6FF3500AF3BBB /* MenuItemRepository_CN.swift */; };
		947850F8279E2F7000F1EEAC /* LocalPushNotificationServiceDTOMapperWrapper_CN.swift in Sources */ = {isa = PBXBuildFile; fileRef = 947850F7279E2F7000F1EEAC /* LocalPushNotificationServiceDTOMapperWrapper_CN.swift */; };
		9478510227A9929700F1EEAC /* LoaderState_CN.swift in Sources */ = {isa = PBXBuildFile; fileRef = 9478510127A9929700F1EEAC /* LoaderState_CN.swift */; };
		94800868279631B500D34D4B /* LocalPushNotificationsService_CN.swift in Sources */ = {isa = PBXBuildFile; fileRef = 94800867279631B500D34D4B /* LocalPushNotificationsService_CN.swift */; };
		94EFC9A327923C5500CC6B47 /* MainViewModel_CN.swift in Sources */ = {isa = PBXBuildFile; fileRef = 94EFC9A227923C5500CC6B47 /* MainViewModel_CN.swift */; };
		94EFC9A627923D6F00CC6B47 /* QuoteCard_CN.swift in Sources */ = {isa = PBXBuildFile; fileRef = 94EFC9A527923D6F00CC6B47 /* QuoteCard_CN.swift */; };
		94EFC9AA27923E5600CC6B47 /* QuoteCardGateway_CN.swift in Sources */ = {isa = PBXBuildFile; fileRef = 94EFC9A927923E5600CC6B47 /* QuoteCardGateway_CN.swift */; };
		94EFC9AD27923F7C00CC6B47 /* QuoteCardRepository_CN.swift in Sources */ = {isa = PBXBuildFile; fileRef = 94EFC9AC27923F7C00CC6B47 /* QuoteCardRepository_CN.swift */; };
		94EFC9B32792409100CC6B47 /* QuoteCardNetworkRepository.swift in Sources */ = {isa = PBXBuildFile; fileRef = 94EFC9B22792409100CC6B47 /* QuoteCardNetworkRepository.swift */; };
		94EFC9B5279240B900CC6B47 /* QuoteCardPersistenceRepository.swift in Sources */ = {isa = PBXBuildFile; fileRef = 94EFC9B4279240B900CC6B47 /* QuoteCardPersistenceRepository.swift */; };
		94EFC9B82792473E00CC6B47 /* MainSceneConfigurator_CN.swift in Sources */ = {isa = PBXBuildFile; fileRef = 94EFC9B72792473E00CC6B47 /* MainSceneConfigurator_CN.swift */; };
		94EFC9BC27924B3900CC6B47 /* MainRouter_CN.swift in Sources */ = {isa = PBXBuildFile; fileRef = 94EFC9BB27924B3900CC6B47 /* MainRouter_CN.swift */; };
		94EFC9BF27924C0F00CC6B47 /* NotificationsViewModel_CN.swift in Sources */ = {isa = PBXBuildFile; fileRef = 94EFC9BE27924C0F00CC6B47 /* NotificationsViewModel_CN.swift */; };
		94EFC9C127924CF600CC6B47 /* NotificationsRouter_CN.swift in Sources */ = {isa = PBXBuildFile; fileRef = 94EFC9C027924CF600CC6B47 /* NotificationsRouter_CN.swift */; };
		94EFC9C427924D7C00CC6B47 /* Notification_CN.swift in Sources */ = {isa = PBXBuildFile; fileRef = 94EFC9C327924D7C00CC6B47 /* Notification_CN.swift */; };
		94EFC9C627924D9800CC6B47 /* NotificationGateway_CN.swift in Sources */ = {isa = PBXBuildFile; fileRef = 94EFC9C527924D9800CC6B47 /* NotificationGateway_CN.swift */; };
		94EFC9C927924E1900CC6B47 /* NotificationRepository_CN.swift in Sources */ = {isa = PBXBuildFile; fileRef = 94EFC9C827924E1900CC6B47 /* NotificationRepository_CN.swift */; };
		94EFC9CD27924EA200CC6B47 /* NotificationNetworkRepository_CN.swift in Sources */ = {isa = PBXBuildFile; fileRef = 94EFC9CC27924EA200CC6B47 /* NotificationNetworkRepository_CN.swift */; };
		94EFC9CF27924ECB00CC6B47 /* NotificationPersistenceRepository_CN.swift in Sources */ = {isa = PBXBuildFile; fileRef = 94EFC9CE27924ECB00CC6B47 /* NotificationPersistenceRepository_CN.swift */; };
		94EFC9D227924EF500CC6B47 /* NotificationSceneConfigurator_CN.swift in Sources */ = {isa = PBXBuildFile; fileRef = 94EFC9D127924EF500CC6B47 /* NotificationSceneConfigurator_CN.swift */; };
		94EFC9D42792500F00CC6B47 /* SceneConfigurator_CN.swift in Sources */ = {isa = PBXBuildFile; fileRef = 94EFC9D32792500F00CC6B47 /* SceneConfigurator_CN.swift */; };
		94EFC9D8279252AD00CC6B47 /* MenuViewModel_CN.swift in Sources */ = {isa = PBXBuildFile; fileRef = 94EFC9D7279252AD00CC6B47 /* MenuViewModel_CN.swift */; };
		94EFC9DB279252F100CC6B47 /* MenuRouter_CN.swift in Sources */ = {isa = PBXBuildFile; fileRef = 94EFC9DA279252F100CC6B47 /* MenuRouter_CN.swift */; };
		94EFC9DE2792535600CC6B47 /* MenuSceneConfigurator_CN.swift in Sources */ = {isa = PBXBuildFile; fileRef = 94EFC9DD2792535600CC6B47 /* MenuSceneConfigurator_CN.swift */; };
/* End PBXBuildFile section */

/* Begin PBXFileReference section */
		50A1CB83278CCC63000F9BFC /* CalmingNotifications.app */ = {isa = PBXFileReference; explicitFileType = wrapper.application; includeInIndex = 0; path = CalmingNotifications.app; sourceTree = BUILT_PRODUCTS_DIR; };
		50A1CB86278CCC63000F9BFC /* AppDelegate.swift */ = {isa = PBXFileReference; lastKnownFileType = sourcecode.swift; path = AppDelegate.swift; sourceTree = "<group>"; };
		50A1CB88278CCC63000F9BFC /* SceneDelegate.swift */ = {isa = PBXFileReference; lastKnownFileType = sourcecode.swift; path = SceneDelegate.swift; sourceTree = "<group>"; };
		50A1CB8A278CCC63000F9BFC /* MainViewController_CN.swift */ = {isa = PBXFileReference; lastKnownFileType = sourcecode.swift; path = MainViewController_CN.swift; sourceTree = "<group>"; };
		50A1CB8F278CCC6F000F9BFC /* Assets.xcassets */ = {isa = PBXFileReference; lastKnownFileType = folder.assetcatalog; path = Assets.xcassets; sourceTree = "<group>"; };
		50A1CB92278CCC6F000F9BFC /* Base */ = {isa = PBXFileReference; lastKnownFileType = file.storyboard; name = Base; path = Base.lproj/LaunchScreen.storyboard; sourceTree = "<group>"; };
		50A1CB94278CCC6F000F9BFC /* Info.plist */ = {isa = PBXFileReference; lastKnownFileType = text.plist.xml; path = Info.plist; sourceTree = "<group>"; };
		50A1CB9A278CF04B000F9BFC /* MainCollectionViewCell_CN.swift */ = {isa = PBXFileReference; lastKnownFileType = sourcecode.swift; path = MainCollectionViewCell_CN.swift; sourceTree = "<group>"; };
		50A1CB9E278F63B0000F9BFC /* MainTabBarViewController_CN.swift */ = {isa = PBXFileReference; lastKnownFileType = sourcecode.swift; path = MainTabBarViewController_CN.swift; sourceTree = "<group>"; };
		50A1CBA0278F6C50000F9BFC /* NotificationsViewController_CN.swift */ = {isa = PBXFileReference; lastKnownFileType = sourcecode.swift; path = NotificationsViewController_CN.swift; sourceTree = "<group>"; };
		50A1CBA2278F6C92000F9BFC /* MenuViewController_CN.swift */ = {isa = PBXFileReference; lastKnownFileType = sourcecode.swift; path = MenuViewController_CN.swift; sourceTree = "<group>"; };
		94057F1D27973A32009B5A2B /* NotificationsCollectionViewCell_CN.swift */ = {isa = PBXFileReference; lastKnownFileType = sourcecode.swift; path = NotificationsCollectionViewCell_CN.swift; sourceTree = "<group>"; };
		94057F1F27975249009B5A2B /* NotificationsCollectionHeaderReusableView.swift */ = {isa = PBXFileReference; lastKnownFileType = sourcecode.swift; path = NotificationsCollectionHeaderReusableView.swift; sourceTree = "<group>"; };
		9426DB9127C181520057CB68 /* TestViewController.swift */ = {isa = PBXFileReference; lastKnownFileType = sourcecode.swift; path = TestViewController.swift; sourceTree = "<group>"; };
		9426DB9327C1E5570057CB68 /* Animator_CN.swift */ = {isa = PBXFileReference; lastKnownFileType = sourcecode.swift; path = Animator_CN.swift; sourceTree = "<group>"; };
		943760472861F74300884E5A /* Montserrat-Regular.ttf */ = {isa = PBXFileReference; lastKnownFileType = file; path = "Montserrat-Regular.ttf"; sourceTree = "<group>"; };
		943760482861F74300884E5A /* Montserrat-Black.ttf */ = {isa = PBXFileReference; lastKnownFileType = file; path = "Montserrat-Black.ttf"; sourceTree = "<group>"; };
		943760492861F74300884E5A /* Montserrat-Thin.ttf */ = {isa = PBXFileReference; lastKnownFileType = file; path = "Montserrat-Thin.ttf"; sourceTree = "<group>"; };
		9437604A2861F74300884E5A /* Montserrat-ExtraBold.ttf */ = {isa = PBXFileReference; lastKnownFileType = file; path = "Montserrat-ExtraBold.ttf"; sourceTree = "<group>"; };
		9437604B2861F74300884E5A /* Montserrat-Bold.ttf */ = {isa = PBXFileReference; lastKnownFileType = file; path = "Montserrat-Bold.ttf"; sourceTree = "<group>"; };
		943760512863228C00884E5A /* QuoteCardNetworkSessionDelegate_CN.swift */ = {isa = PBXFileReference; lastKnownFileType = sourcecode.swift; path = QuoteCardNetworkSessionDelegate_CN.swift; sourceTree = "<group>"; };
		943760542865D1E100884E5A /* QuoteCardErrorHandler_CN.swift */ = {isa = PBXFileReference; lastKnownFileType = sourcecode.swift; path = QuoteCardErrorHandler_CN.swift; sourceTree = "<group>"; };
		9437605A2865D65500884E5A /* NotificationsErrorHandler_CN.swift */ = {isa = PBXFileReference; lastKnownFileType = sourcecode.swift; path = NotificationsErrorHandler_CN.swift; sourceTree = "<group>"; };
		9437605D2865FBA800884E5A /* SplashErrorHandler_CN.swift */ = {isa = PBXFileReference; lastKnownFileType = sourcecode.swift; path = SplashErrorHandler_CN.swift; sourceTree = "<group>"; };
		9437605F2865FFEC00884E5A /* SceneErrorHandlerProtocol_CN.swift */ = {isa = PBXFileReference; lastKnownFileType = sourcecode.swift; path = SceneErrorHandlerProtocol_CN.swift; sourceTree = "<group>"; };
		9437606228661BB900884E5A /* NotificationsSceneErrorHandler_CN.swift */ = {isa = PBXFileReference; lastKnownFileType = sourcecode.swift; path = NotificationsSceneErrorHandler_CN.swift; sourceTree = "<group>"; };
		943760652866501D00884E5A /* QuoteCardError_CN.swift */ = {isa = PBXFileReference; lastKnownFileType = sourcecode.swift; path = QuoteCardError_CN.swift; sourceTree = "<group>"; };
		943760692866507B00884E5A /* NotificationError_CN.swift */ = {isa = PBXFileReference; lastKnownFileType = sourcecode.swift; path = NotificationError_CN.swift; sourceTree = "<group>"; };
		943D160427B9A5190071F054 /* QuoteCardState_CN.swift */ = {isa = PBXFileReference; lastKnownFileType = sourcecode.swift; path = QuoteCardState_CN.swift; sourceTree = "<group>"; };
		943D160627BA97710071F054 /* MainErrorHandler_CN.swift */ = {isa = PBXFileReference; lastKnownFileType = sourcecode.swift; path = MainErrorHandler_CN.swift; sourceTree = "<group>"; };
		943D160927BA9AAF0071F054 /* DrawTextOnImage_CN.swift */ = {isa = PBXFileReference; lastKnownFileType = sourcecode.swift; path = DrawTextOnImage_CN.swift; sourceTree = "<group>"; };
		9441818527AD83B300AD9FDD /* SplashViewController_CN.swift */ = {isa = PBXFileReference; lastKnownFileType = sourcecode.swift; path = SplashViewController_CN.swift; sourceTree = "<group>"; };
		9441818927AD83F500AD9FDD /* SplashViewModel_CN.swift */ = {isa = PBXFileReference; lastKnownFileType = sourcecode.swift; path = SplashViewModel_CN.swift; sourceTree = "<group>"; };
		9441818C27AD842B00AD9FDD /* SplashRouter_CN.swift */ = {isa = PBXFileReference; lastKnownFileType = sourcecode.swift; path = SplashRouter_CN.swift; sourceTree = "<group>"; };
		9441818F27AD848000AD9FDD /* SplashSceneConfigurator_CN.swift */ = {isa = PBXFileReference; lastKnownFileType = sourcecode.swift; path = SplashSceneConfigurator_CN.swift; sourceTree = "<group>"; };
		9458BDC3285F353100CF3E61 /* QuoteCardNetworkEntity_CN.swift */ = {isa = PBXFileReference; lastKnownFileType = sourcecode.swift; path = QuoteCardNetworkEntity_CN.swift; sourceTree = "<group>"; };
		946AF5BE2871DEC70047E508 /* DomainErrorProtocol_CN.swift */ = {isa = PBXFileReference; fileEncoding = 4; lastKnownFileType = sourcecode.swift; path = DomainErrorProtocol_CN.swift; sourceTree = "<group>"; };
		946AF5D328730B680047E508 /* MenuTransitionDelegate_CN.swift */ = {isa = PBXFileReference; lastKnownFileType = sourcecode.swift; path = MenuTransitionDelegate_CN.swift; sourceTree = "<group>"; };
		946B13E427AF398E00AF3BBB /* SceneState.swift */ = {isa = PBXFileReference; lastKnownFileType = sourcecode.swift; path = SceneState.swift; sourceTree = "<group>"; };
		946B13E627B0014C00AF3BBB /* PushNotificationsAuthStatus_CN.swift */ = {isa = PBXFileReference; lastKnownFileType = sourcecode.swift; path = PushNotificationsAuthStatus_CN.swift; sourceTree = "<group>"; };
		946B13E827B1D5F000AF3BBB /* AppColors_CN.swift */ = {isa = PBXFileReference; lastKnownFileType = sourcecode.swift; path = AppColors_CN.swift; sourceTree = "<group>"; };
		946B13EF27B2BE8800AF3BBB /* FavoritesSceneConfigurator_CN.swift */ = {isa = PBXFileReference; lastKnownFileType = sourcecode.swift; path = FavoritesSceneConfigurator_CN.swift; sourceTree = "<group>"; };
		946B13F127B2BEA300AF3BBB /* FavoritesViewController_CN.swift */ = {isa = PBXFileReference; lastKnownFileType = sourcecode.swift; path = FavoritesViewController_CN.swift; sourceTree = "<group>"; };
		946B13F327B2BEE100AF3BBB /* FavoritesViewModel_CN.swift */ = {isa = PBXFileReference; lastKnownFileType = sourcecode.swift; path = FavoritesViewModel_CN.swift; sourceTree = "<group>"; };
		946B13F527B2BEF200AF3BBB /* FavoritesRouter_CN.swift */ = {isa = PBXFileReference; lastKnownFileType = sourcecode.swift; path = FavoritesRouter_CN.swift; sourceTree = "<group>"; };
		946B13F727B2C1A100AF3BBB /* FavoritesCollectionViewCell.swift */ = {isa = PBXFileReference; lastKnownFileType = sourcecode.swift; path = FavoritesCollectionViewCell.swift; sourceTree = "<group>"; };
		946B13FD27B2D5D800AF3BBB /* CoreDataStack_CN.swift */ = {isa = PBXFileReference; lastKnownFileType = sourcecode.swift; path = CoreDataStack_CN.swift; sourceTree = "<group>"; };
		946B140127B2D73E00AF3BBB /* CalmingNotifications.xcdatamodel */ = {isa = PBXFileReference; lastKnownFileType = wrapper.xcdatamodel; path = CalmingNotifications.xcdatamodel; sourceTree = "<group>"; };
		946B140827B2F77500AF3BBB /* QuoteCardDBEntity+CoreDataClass.swift */ = {isa = PBXFileReference; lastKnownFileType = sourcecode.swift; path = "QuoteCardDBEntity+CoreDataClass.swift"; sourceTree = "<group>"; };
		946B140927B2F77500AF3BBB /* QuoteCardDBEntity+CoreDataProperties.swift */ = {isa = PBXFileReference; lastKnownFileType = sourcecode.swift; path = "QuoteCardDBEntity+CoreDataProperties.swift"; sourceTree = "<group>"; };
		946B140C27B3045B00AF3BBB /* FavoritesErrorHandler_CN.swift */ = {isa = PBXFileReference; lastKnownFileType = sourcecode.swift; path = FavoritesErrorHandler_CN.swift; sourceTree = "<group>"; };
		946B140F27B459CA00AF3BBB /* GatewaysRepositoryDIContainer_CN.swift */ = {isa = PBXFileReference; lastKnownFileType = sourcecode.swift; path = GatewaysRepositoryDIContainer_CN.swift; sourceTree = "<group>"; };
		946B141327B470A000AF3BBB /* MainTabBarConfigurator_CN.swift */ = {isa = PBXFileReference; lastKnownFileType = sourcecode.swift; path = MainTabBarConfigurator_CN.swift; sourceTree = "<group>"; };
		946B141727B5C41600AF3BBB /* MenuCollectionViewCell.swift */ = {isa = PBXFileReference; lastKnownFileType = sourcecode.swift; path = MenuCollectionViewCell.swift; sourceTree = "<group>"; };
		946B141A27B5C9FC00AF3BBB /* MenuItem_CN.swift */ = {isa = PBXFileReference; lastKnownFileType = sourcecode.swift; path = MenuItem_CN.swift; sourceTree = "<group>"; };
		946B141D27B6DD8A00AF3BBB /* ShadowSetup_CN.swift */ = {isa = PBXFileReference; lastKnownFileType = sourcecode.swift; path = ShadowSetup_CN.swift; sourceTree = "<group>"; };
		946B141F27B6F93E00AF3BBB /* DateFormatter_CN.swift */ = {isa = PBXFileReference; lastKnownFileType = sourcecode.swift; path = DateFormatter_CN.swift; sourceTree = "<group>"; };
		946B142127B6FC1200AF3BBB /* MenuItemGateway_CN.swift */ = {isa = PBXFileReference; lastKnownFileType = sourcecode.swift; path = MenuItemGateway_CN.swift; sourceTree = "<group>"; };
		946B142427B6FDAF00AF3BBB /* MenuErrorHandler_CN.swift */ = {isa = PBXFileReference; lastKnownFileType = sourcecode.swift; path = MenuErrorHandler_CN.swift; sourceTree = "<group>"; };
		946B142727B6FF3500AF3BBB /* MenuItemRepository_CN.swift */ = {isa = PBXFileReference; lastKnownFileType = sourcecode.swift; path = MenuItemRepository_CN.swift; sourceTree = "<group>"; };
		947850F7279E2F7000F1EEAC /* LocalPushNotificationServiceDTOMapperWrapper_CN.swift */ = {isa = PBXFileReference; lastKnownFileType = sourcecode.swift; path = LocalPushNotificationServiceDTOMapperWrapper_CN.swift; sourceTree = "<group>"; };
		9478510127A9929700F1EEAC /* LoaderState_CN.swift */ = {isa = PBXFileReference; lastKnownFileType = sourcecode.swift; path = LoaderState_CN.swift; sourceTree = "<group>"; };
		94800867279631B500D34D4B /* LocalPushNotificationsService_CN.swift */ = {isa = PBXFileReference; lastKnownFileType = sourcecode.swift; path = LocalPushNotificationsService_CN.swift; sourceTree = "<group>"; };
		94EFC9A227923C5500CC6B47 /* MainViewModel_CN.swift */ = {isa = PBXFileReference; lastKnownFileType = sourcecode.swift; path = MainViewModel_CN.swift; sourceTree = "<group>"; };
		94EFC9A527923D6F00CC6B47 /* QuoteCard_CN.swift */ = {isa = PBXFileReference; lastKnownFileType = sourcecode.swift; path = QuoteCard_CN.swift; sourceTree = "<group>"; };
		94EFC9A927923E5600CC6B47 /* QuoteCardGateway_CN.swift */ = {isa = PBXFileReference; lastKnownFileType = sourcecode.swift; path = QuoteCardGateway_CN.swift; sourceTree = "<group>"; };
		94EFC9AC27923F7C00CC6B47 /* QuoteCardRepository_CN.swift */ = {isa = PBXFileReference; lastKnownFileType = sourcecode.swift; path = QuoteCardRepository_CN.swift; sourceTree = "<group>"; };
		94EFC9B22792409100CC6B47 /* QuoteCardNetworkRepository.swift */ = {isa = PBXFileReference; lastKnownFileType = sourcecode.swift; path = QuoteCardNetworkRepository.swift; sourceTree = "<group>"; };
		94EFC9B4279240B900CC6B47 /* QuoteCardPersistenceRepository.swift */ = {isa = PBXFileReference; lastKnownFileType = sourcecode.swift; path = QuoteCardPersistenceRepository.swift; sourceTree = "<group>"; };
		94EFC9B72792473E00CC6B47 /* MainSceneConfigurator_CN.swift */ = {isa = PBXFileReference; lastKnownFileType = sourcecode.swift; path = MainSceneConfigurator_CN.swift; sourceTree = "<group>"; };
		94EFC9BB27924B3900CC6B47 /* MainRouter_CN.swift */ = {isa = PBXFileReference; lastKnownFileType = sourcecode.swift; path = MainRouter_CN.swift; sourceTree = "<group>"; };
		94EFC9BE27924C0F00CC6B47 /* NotificationsViewModel_CN.swift */ = {isa = PBXFileReference; lastKnownFileType = sourcecode.swift; path = NotificationsViewModel_CN.swift; sourceTree = "<group>"; };
		94EFC9C027924CF600CC6B47 /* NotificationsRouter_CN.swift */ = {isa = PBXFileReference; lastKnownFileType = sourcecode.swift; path = NotificationsRouter_CN.swift; sourceTree = "<group>"; };
		94EFC9C327924D7C00CC6B47 /* Notification_CN.swift */ = {isa = PBXFileReference; lastKnownFileType = sourcecode.swift; path = Notification_CN.swift; sourceTree = "<group>"; };
		94EFC9C527924D9800CC6B47 /* NotificationGateway_CN.swift */ = {isa = PBXFileReference; lastKnownFileType = sourcecode.swift; path = NotificationGateway_CN.swift; sourceTree = "<group>"; };
		94EFC9C827924E1900CC6B47 /* NotificationRepository_CN.swift */ = {isa = PBXFileReference; lastKnownFileType = sourcecode.swift; path = NotificationRepository_CN.swift; sourceTree = "<group>"; };
		94EFC9CC27924EA200CC6B47 /* NotificationNetworkRepository_CN.swift */ = {isa = PBXFileReference; lastKnownFileType = sourcecode.swift; path = NotificationNetworkRepository_CN.swift; sourceTree = "<group>"; };
		94EFC9CE27924ECB00CC6B47 /* NotificationPersistenceRepository_CN.swift */ = {isa = PBXFileReference; lastKnownFileType = sourcecode.swift; path = NotificationPersistenceRepository_CN.swift; sourceTree = "<group>"; };
		94EFC9D127924EF500CC6B47 /* NotificationSceneConfigurator_CN.swift */ = {isa = PBXFileReference; lastKnownFileType = sourcecode.swift; path = NotificationSceneConfigurator_CN.swift; sourceTree = "<group>"; };
		94EFC9D32792500F00CC6B47 /* SceneConfigurator_CN.swift */ = {isa = PBXFileReference; lastKnownFileType = sourcecode.swift; path = SceneConfigurator_CN.swift; sourceTree = "<group>"; };
		94EFC9D7279252AD00CC6B47 /* MenuViewModel_CN.swift */ = {isa = PBXFileReference; lastKnownFileType = sourcecode.swift; path = MenuViewModel_CN.swift; sourceTree = "<group>"; };
		94EFC9DA279252F100CC6B47 /* MenuRouter_CN.swift */ = {isa = PBXFileReference; lastKnownFileType = sourcecode.swift; path = MenuRouter_CN.swift; sourceTree = "<group>"; };
		94EFC9DD2792535600CC6B47 /* MenuSceneConfigurator_CN.swift */ = {isa = PBXFileReference; lastKnownFileType = sourcecode.swift; path = MenuSceneConfigurator_CN.swift; sourceTree = "<group>"; };
/* End PBXFileReference section */

/* Begin PBXFrameworksBuildPhase section */
		50A1CB80278CCC63000F9BFC /* Frameworks */ = {
			isa = PBXFrameworksBuildPhase;
			buildActionMask = 2147483647;
			files = (
				94376046285F5BDA00884E5A /* MommysEye in Frameworks */,
				94376043285F5B2400884E5A /* BabyNet in Frameworks */,
			);
			runOnlyForDeploymentPostprocessing = 0;
		};
/* End PBXFrameworksBuildPhase section */

/* Begin PBXGroup section */
		50A1CB7A278CCC63000F9BFC = {
			isa = PBXGroup;
			children = (
				50A1CB85278CCC63000F9BFC /* CalmingNotifications */,
				50A1CB84278CCC63000F9BFC /* Products */,
				94376041285F5B2400884E5A /* Frameworks */,
			);
			sourceTree = "<group>";
		};
		50A1CB84278CCC63000F9BFC /* Products */ = {
			isa = PBXGroup;
			children = (
				50A1CB83278CCC63000F9BFC /* CalmingNotifications.app */,
			);
			name = Products;
			sourceTree = "<group>";
		};
		50A1CB85278CCC63000F9BFC /* CalmingNotifications */ = {
			isa = PBXGroup;
			children = (
				50A1CB86278CCC63000F9BFC /* AppDelegate.swift */,
				50A1CB88278CCC63000F9BFC /* SceneDelegate.swift */,
				94EFC9A427923D5200CC6B47 /* Domain */,
				94EFC9AB27923F5400CC6B47 /* Data */,
				94EFC99D279239D500CC6B47 /* Presentation */,
				50A1CB91278CCC6F000F9BFC /* LaunchScreen.storyboard */,
				50A1CB94278CCC6F000F9BFC /* Info.plist */,
			);
			path = CalmingNotifications;
			sourceTree = "<group>";
		};
		9426DB9027C1812A0057CB68 /* TestScreen */ = {
			isa = PBXGroup;
			children = (
				9426DB9127C181520057CB68 /* TestViewController.swift */,
			);
			path = TestScreen;
			sourceTree = "<group>";
		};
		94376041285F5B2400884E5A /* Frameworks */ = {
			isa = PBXGroup;
			children = (
			);
			name = Frameworks;
			sourceTree = "<group>";
		};
		943760532863229000884E5A /* SessionDelegate */ = {
			isa = PBXGroup;
			children = (
				943760512863228C00884E5A /* QuoteCardNetworkSessionDelegate_CN.swift */,
			);
			path = SessionDelegate;
			sourceTree = "<group>";
		};
		943760562865D1E500884E5A /* ErrorHandler */ = {
			isa = PBXGroup;
			children = (
				943760542865D1E100884E5A /* QuoteCardErrorHandler_CN.swift */,
			);
			path = ErrorHandler;
			sourceTree = "<group>";
		};
		9437605C2865D6C300884E5A /* ErrorHandler */ = {
			isa = PBXGroup;
			children = (
				9437605A2865D65500884E5A /* NotificationsErrorHandler_CN.swift */,
			);
			path = ErrorHandler;
			sourceTree = "<group>";
		};
		9437606128661A3500884E5A /* ErrorHandler */ = {
			isa = PBXGroup;
			children = (
				9437605D2865FBA800884E5A /* SplashErrorHandler_CN.swift */,
			);
			path = ErrorHandler;
			sourceTree = "<group>";
		};
		9437606428661BBC00884E5A /* ErrorHandler */ = {
			isa = PBXGroup;
			children = (
				9437606228661BB900884E5A /* NotificationsSceneErrorHandler_CN.swift */,
			);
			path = ErrorHandler;
			sourceTree = "<group>";
		};
		943760672866502C00884E5A /* Gateway */ = {
			isa = PBXGroup;
			children = (
				94EFC9A927923E5600CC6B47 /* QuoteCardGateway_CN.swift */,
			);
			path = Gateway;
			sourceTree = "<group>";
		};
		943760682866503600884E5A /* Error */ = {
			isa = PBXGroup;
			children = (
				943760652866501D00884E5A /* QuoteCardError_CN.swift */,
			);
			path = Error;
			sourceTree = "<group>";
		};
		9437606B2866509500884E5A /* Error */ = {
			isa = PBXGroup;
			children = (
				943760692866507B00884E5A /* NotificationError_CN.swift */,
			);
			path = Error;
			sourceTree = "<group>";
		};
		9437606C286650B700884E5A /* Gateway */ = {
			isa = PBXGroup;
			children = (
				946B142127B6FC1200AF3BBB /* MenuItemGateway_CN.swift */,
			);
			path = Gateway;
			sourceTree = "<group>";
		};
		943760712867301E00884E5A /* State */ = {
			isa = PBXGroup;
			children = (
				943D160427B9A5190071F054 /* QuoteCardState_CN.swift */,
			);
			path = State;
			sourceTree = "<group>";
		};
		943D160827BA97970071F054 /* ErrorHandler */ = {
			isa = PBXGroup;
			children = (
				943D160627BA97710071F054 /* MainErrorHandler_CN.swift */,
			);
			path = ErrorHandler;
			sourceTree = "<group>";
		};
		9441818327AC45F100AD9FDD /* Cell */ = {
			isa = PBXGroup;
			children = (
				50A1CB9A278CF04B000F9BFC /* MainCollectionViewCell_CN.swift */,
			);
			path = Cell;
			sourceTree = "<group>";
		};
		9441818427AD837300AD9FDD /* Splash */ = {
			isa = PBXGroup;
			children = (
				9441818E27AD843600AD9FDD /* Configurator */,
				9441818727AD83BB00AD9FDD /* View */,
				9441818827AD83D300AD9FDD /* ViewModel */,
				9441818B27AD841100AD9FDD /* Router */,
			);
			path = Splash;
			sourceTree = "<group>";
		};
		9441818727AD83BB00AD9FDD /* View */ = {
			isa = PBXGroup;
			children = (
				9441818527AD83B300AD9FDD /* SplashViewController_CN.swift */,
			);
			path = View;
			sourceTree = "<group>";
		};
		9441818827AD83D300AD9FDD /* ViewModel */ = {
			isa = PBXGroup;
			children = (
				9441818927AD83F500AD9FDD /* SplashViewModel_CN.swift */,
				9437606128661A3500884E5A /* ErrorHandler */,
			);
			path = ViewModel;
			sourceTree = "<group>";
		};
		9441818B27AD841100AD9FDD /* Router */ = {
			isa = PBXGroup;
			children = (
				9441818C27AD842B00AD9FDD /* SplashRouter_CN.swift */,
			);
			path = Router;
			sourceTree = "<group>";
		};
		9441818E27AD843600AD9FDD /* Configurator */ = {
			isa = PBXGroup;
			children = (
				9441818F27AD848000AD9FDD /* SplashSceneConfigurator_CN.swift */,
			);
			path = Configurator;
			sourceTree = "<group>";
		};
		9458BDC5285F353600CF3E61 /* Entity */ = {
			isa = PBXGroup;
			children = (
				9458BDC3285F353100CF3E61 /* QuoteCardNetworkEntity_CN.swift */,
			);
			path = Entity;
			sourceTree = "<group>";
		};
		946AF5BD2871DEC70047E508 /* DomainErrorsGateway */ = {
			isa = PBXGroup;
			children = (
				946AF5BE2871DEC70047E508 /* DomainErrorProtocol_CN.swift */,
			);
			path = DomainErrorsGateway;
			sourceTree = "<group>";
		};
		946AF5D528737CD80047E508 /* CustomTransition */ = {
			isa = PBXGroup;
			children = (
				946AF5D328730B680047E508 /* MenuTransitionDelegate_CN.swift */,
			);
			path = CustomTransition;
			sourceTree = "<group>";
		};
		946B13EA27B2BE2800AF3BBB /* Favorites */ = {
			isa = PBXGroup;
			children = (
				946B13EC27B2BE4700AF3BBB /* Configurator */,
				946B13EB27B2BE4200AF3BBB /* View */,
				946B13ED27B2BE4E00AF3BBB /* ViewModel */,
				946B13EE27B2BE5400AF3BBB /* Router */,
			);
			path = Favorites;
			sourceTree = "<group>";
		};
		946B13EB27B2BE4200AF3BBB /* View */ = {
			isa = PBXGroup;
			children = (
				946B13F127B2BEA300AF3BBB /* FavoritesViewController_CN.swift */,
				946B13F927B2C1AE00AF3BBB /* Cell */,
			);
			path = View;
			sourceTree = "<group>";
		};
		946B13EC27B2BE4700AF3BBB /* Configurator */ = {
			isa = PBXGroup;
			children = (
				946B13EF27B2BE8800AF3BBB /* FavoritesSceneConfigurator_CN.swift */,
			);
			path = Configurator;
			sourceTree = "<group>";
		};
		946B13ED27B2BE4E00AF3BBB /* ViewModel */ = {
			isa = PBXGroup;
			children = (
				946B13F327B2BEE100AF3BBB /* FavoritesViewModel_CN.swift */,
				946B141C27B6D46700AF3BBB /* ErrorHandler */,
			);
			path = ViewModel;
			sourceTree = "<group>";
		};
		946B13EE27B2BE5400AF3BBB /* Router */ = {
			isa = PBXGroup;
			children = (
				946B13F527B2BEF200AF3BBB /* FavoritesRouter_CN.swift */,
			);
			path = Router;
			sourceTree = "<group>";
		};
		946B13F927B2C1AE00AF3BBB /* Cell */ = {
			isa = PBXGroup;
			children = (
				946B13F727B2C1A100AF3BBB /* FavoritesCollectionViewCell.swift */,
			);
			path = Cell;
			sourceTree = "<group>";
		};
		946B13FB27B2D58400AF3BBB /* LocalPushNotifications */ = {
			isa = PBXGroup;
			children = (
				94800867279631B500D34D4B /* LocalPushNotificationsService_CN.swift */,
				947850F7279E2F7000F1EEAC /* LocalPushNotificationServiceDTOMapperWrapper_CN.swift */,
			);
			path = LocalPushNotifications;
			sourceTree = "<group>";
		};
		946B13FC27B2D59E00AF3BBB /* CoreData */ = {
			isa = PBXGroup;
			children = (
				946B13FD27B2D5D800AF3BBB /* CoreDataStack_CN.swift */,
			);
			path = CoreData;
			sourceTree = "<group>";
		};
		946B13FF27B2D69E00AF3BBB /* Entities */ = {
			isa = PBXGroup;
			children = (
				946B140027B2D73E00AF3BBB /* CalmingNotifications.xcdatamodeld */,
				946B140327B2D75C00AF3BBB /* QuoteCardDBEntity */,
			);
			path = Entities;
			sourceTree = "<group>";
		};
		946B140327B2D75C00AF3BBB /* QuoteCardDBEntity */ = {
			isa = PBXGroup;
			children = (
				946B140827B2F77500AF3BBB /* QuoteCardDBEntity+CoreDataClass.swift */,
				946B140927B2F77500AF3BBB /* QuoteCardDBEntity+CoreDataProperties.swift */,
			);
			path = QuoteCardDBEntity;
			sourceTree = "<group>";
		};
		946B140E27B4599800AF3BBB /* DIContainer */ = {
			isa = PBXGroup;
			children = (
				946B140F27B459CA00AF3BBB /* GatewaysRepositoryDIContainer_CN.swift */,
			);
			path = DIContainer;
			sourceTree = "<group>";
		};
		946B141127B4707000AF3BBB /* View */ = {
			isa = PBXGroup;
			children = (
				50A1CB9E278F63B0000F9BFC /* MainTabBarViewController_CN.swift */,
			);
			path = View;
			sourceTree = "<group>";
		};
		946B141227B4707D00AF3BBB /* Configurator */ = {
			isa = PBXGroup;
			children = (
				946B141327B470A000AF3BBB /* MainTabBarConfigurator_CN.swift */,
			);
			path = Configurator;
			sourceTree = "<group>";
		};
		946B141627B5C3FE00AF3BBB /* Cell */ = {
			isa = PBXGroup;
			children = (
				946B141727B5C41600AF3BBB /* MenuCollectionViewCell.swift */,
			);
			path = Cell;
			sourceTree = "<group>";
		};
		946B141927B5C9CD00AF3BBB /* MenuItem */ = {
			isa = PBXGroup;
			children = (
				946B141A27B5C9FC00AF3BBB /* MenuItem_CN.swift */,
				9437606C286650B700884E5A /* Gateway */,
			);
			path = MenuItem;
			sourceTree = "<group>";
		};
		946B141C27B6D46700AF3BBB /* ErrorHandler */ = {
			isa = PBXGroup;
			children = (
				946B140C27B3045B00AF3BBB /* FavoritesErrorHandler_CN.swift */,
			);
			path = ErrorHandler;
			sourceTree = "<group>";
		};
		946B142327B6FD9900AF3BBB /* ErrorHandler */ = {
			isa = PBXGroup;
			children = (
				946B142427B6FDAF00AF3BBB /* MenuErrorHandler_CN.swift */,
			);
			path = ErrorHandler;
			sourceTree = "<group>";
		};
		946B142627B6FEE300AF3BBB /* MenuItem */ = {
			isa = PBXGroup;
			children = (
				946B142727B6FF3500AF3BBB /* MenuItemRepository_CN.swift */,
			);
			path = MenuItem;
			sourceTree = "<group>";
		};
		947850EC279E166900F1EEAC /* Cell */ = {
			isa = PBXGroup;
			children = (
				94057F1D27973A32009B5A2B /* NotificationsCollectionViewCell_CN.swift */,
			);
			path = Cell;
			sourceTree = "<group>";
		};
		947850F9279E353C00F1EEAC /* Gateway */ = {
			isa = PBXGroup;
			children = (
				94EFC9C527924D9800CC6B47 /* NotificationGateway_CN.swift */,
			);
			path = Gateway;
			sourceTree = "<group>";
		};
		947850FF279ECFB500F1EEAC /* Infrastructure */ = {
			isa = PBXGroup;
			children = (
				946B13FC27B2D59E00AF3BBB /* CoreData */,
				946B13FB27B2D58400AF3BBB /* LocalPushNotifications */,
			);
			path = Infrastructure;
			sourceTree = "<group>";
		};
		94785100279EF9E200F1EEAC /* Header */ = {
			isa = PBXGroup;
			children = (
				94057F1F27975249009B5A2B /* NotificationsCollectionHeaderReusableView.swift */,
			);
			path = Header;
			sourceTree = "<group>";
		};
		9478510327A992C000F1EEAC /* Infrastructure */ = {
			isa = PBXGroup;
			children = (
				946B13E427AF398E00AF3BBB /* SceneState.swift */,
				9437605F2865FFEC00884E5A /* SceneErrorHandlerProtocol_CN.swift */,
				9426DB9327C1E5570057CB68 /* Animator_CN.swift */,
				9478510127A9929700F1EEAC /* LoaderState_CN.swift */,
				946B141F27B6F93E00AF3BBB /* DateFormatter_CN.swift */,
				946B13E627B0014C00AF3BBB /* PushNotificationsAuthStatus_CN.swift */,
				946B13E827B1D5F000AF3BBB /* AppColors_CN.swift */,
				946B141D27B6DD8A00AF3BBB /* ShadowSetup_CN.swift */,
				943D160927BA9AAF0071F054 /* DrawTextOnImage_CN.swift */,
				943760482861F74300884E5A /* Montserrat-Black.ttf */,
				9437604B2861F74300884E5A /* Montserrat-Bold.ttf */,
				9437604A2861F74300884E5A /* Montserrat-ExtraBold.ttf */,
				943760472861F74300884E5A /* Montserrat-Regular.ttf */,
				943760492861F74300884E5A /* Montserrat-Thin.ttf */,
				50A1CB8F278CCC6F000F9BFC /* Assets.xcassets */,
			);
			path = Infrastructure;
			sourceTree = "<group>";
		};
		94A4AD192794F58F00F1F5DF /* TabBar */ = {
			isa = PBXGroup;
			children = (
				946B141227B4707D00AF3BBB /* Configurator */,
				946B141127B4707000AF3BBB /* View */,
			);
			path = TabBar;
			sourceTree = "<group>";
		};
		94EFC9992792398400CC6B47 /* Main */ = {
			isa = PBXGroup;
			children = (
				94EFC9B62792471A00CC6B47 /* Configurator */,
				94EFC99E279239E000CC6B47 /* View */,
				94EFC9A127923C1200CC6B47 /* ViewModel */,
				94EFC9BA27924B0900CC6B47 /* Router */,
			);
			path = Main;
			sourceTree = "<group>";
		};
		94EFC99A279239B000CC6B47 /* Notifications */ = {
			isa = PBXGroup;
			children = (
				94EFC9D027924EEB00CC6B47 /* Configurator */,
				94EFC99F279239E900CC6B47 /* View */,
				94EFC9B927924AE700CC6B47 /* ViewModel */,
				94EFC9BD27924BDE00CC6B47 /* Router */,
			);
			path = Notifications;
			sourceTree = "<group>";
		};
		94EFC99B279239BD00CC6B47 /* Menu */ = {
			isa = PBXGroup;
			children = (
				94EFC9DC2792534C00CC6B47 /* Configurator */,
				94EFC9A0279239F000CC6B47 /* View */,
				94EFC9D62792529800CC6B47 /* ViewModel */,
				94EFC9D9279252D800CC6B47 /* Router */,
			);
			path = Menu;
			sourceTree = "<group>";
		};
		94EFC99C279239CC00CC6B47 /* Scenes */ = {
			isa = PBXGroup;
			children = (
				9441818427AD837300AD9FDD /* Splash */,
				94A4AD192794F58F00F1F5DF /* TabBar */,
				94EFC9992792398400CC6B47 /* Main */,
				94EFC99B279239BD00CC6B47 /* Menu */,
				946B13EA27B2BE2800AF3BBB /* Favorites */,
				94EFC99A279239B000CC6B47 /* Notifications */,
				9426DB9027C1812A0057CB68 /* TestScreen */,
				9478510327A992C000F1EEAC /* Infrastructure */,
			);
			path = Scenes;
			sourceTree = "<group>";
		};
		94EFC99D279239D500CC6B47 /* Presentation */ = {
			isa = PBXGroup;
			children = (
				94EFC9D52792502800CC6B47 /* SceneConfigurator */,
				94EFC99C279239CC00CC6B47 /* Scenes */,
			);
			path = Presentation;
			sourceTree = "<group>";
		};
		94EFC99E279239E000CC6B47 /* View */ = {
			isa = PBXGroup;
			children = (
				50A1CB8A278CCC63000F9BFC /* MainViewController_CN.swift */,
				9441818327AC45F100AD9FDD /* Cell */,
			);
			path = View;
			sourceTree = "<group>";
		};
		94EFC99F279239E900CC6B47 /* View */ = {
			isa = PBXGroup;
			children = (
				50A1CBA0278F6C50000F9BFC /* NotificationsViewController_CN.swift */,
				94785100279EF9E200F1EEAC /* Header */,
				947850EC279E166900F1EEAC /* Cell */,
			);
			path = View;
			sourceTree = "<group>";
		};
		94EFC9A0279239F000CC6B47 /* View */ = {
			isa = PBXGroup;
			children = (
				50A1CBA2278F6C92000F9BFC /* MenuViewController_CN.swift */,
				946AF5D528737CD80047E508 /* CustomTransition */,
				946B141627B5C3FE00AF3BBB /* Cell */,
			);
			path = View;
			sourceTree = "<group>";
		};
		94EFC9A127923C1200CC6B47 /* ViewModel */ = {
			isa = PBXGroup;
			children = (
				94EFC9A227923C5500CC6B47 /* MainViewModel_CN.swift */,
				943D160827BA97970071F054 /* ErrorHandler */,
			);
			path = ViewModel;
			sourceTree = "<group>";
		};
		94EFC9A427923D5200CC6B47 /* Domain */ = {
			isa = PBXGroup;
			children = (
				94EFC9A727923DF300CC6B47 /* Entities */,
				946AF5BD2871DEC70047E508 /* DomainErrorsGateway */,
			);
			path = Domain;
			sourceTree = "<group>";
		};
		94EFC9A727923DF300CC6B47 /* Entities */ = {
			isa = PBXGroup;
			children = (
				94EFC9A827923E4800CC6B47 /* QuoteCard */,
				94EFC9C227924D6600CC6B47 /* Notofocation */,
				946B141927B5C9CD00AF3BBB /* MenuItem */,
			);
			path = Entities;
			sourceTree = "<group>";
		};
		94EFC9A827923E4800CC6B47 /* QuoteCard */ = {
			isa = PBXGroup;
			children = (
				94EFC9A527923D6F00CC6B47 /* QuoteCard_CN.swift */,
				943760672866502C00884E5A /* Gateway */,
				943760682866503600884E5A /* Error */,
			);
			path = QuoteCard;
			sourceTree = "<group>";
		};
		94EFC9AB27923F5400CC6B47 /* Data */ = {
			isa = PBXGroup;
			children = (
				946B140E27B4599800AF3BBB /* DIContainer */,
				94EFC9AE2792403E00CC6B47 /* Gateways */,
				947850FF279ECFB500F1EEAC /* Infrastructure */,
			);
			path = Data;
			sourceTree = "<group>";
		};
		94EFC9AE2792403E00CC6B47 /* Gateways */ = {
			isa = PBXGroup;
			children = (
				94EFC9AF2792404600CC6B47 /* QuoteCard */,
				94EFC9C727924DF800CC6B47 /* Notification */,
				946B142627B6FEE300AF3BBB /* MenuItem */,
			);
			path = Gateways;
			sourceTree = "<group>";
		};
		94EFC9AF2792404600CC6B47 /* QuoteCard */ = {
			isa = PBXGroup;
			children = (
				94EFC9AC27923F7C00CC6B47 /* QuoteCardRepository_CN.swift */,
				943760712867301E00884E5A /* State */,
				94EFC9B02792405A00CC6B47 /* Network */,
				94EFC9B12792406100CC6B47 /* LocalStorage */,
				943760562865D1E500884E5A /* ErrorHandler */,
			);
			path = QuoteCard;
			sourceTree = "<group>";
		};
		94EFC9B02792405A00CC6B47 /* Network */ = {
			isa = PBXGroup;
			children = (
				94EFC9B22792409100CC6B47 /* QuoteCardNetworkRepository.swift */,
				943760532863229000884E5A /* SessionDelegate */,
				9458BDC5285F353600CF3E61 /* Entity */,
			);
			path = Network;
			sourceTree = "<group>";
		};
		94EFC9B12792406100CC6B47 /* LocalStorage */ = {
			isa = PBXGroup;
			children = (
				94EFC9B4279240B900CC6B47 /* QuoteCardPersistenceRepository.swift */,
				946B13FF27B2D69E00AF3BBB /* Entities */,
			);
			path = LocalStorage;
			sourceTree = "<group>";
		};
		94EFC9B62792471A00CC6B47 /* Configurator */ = {
			isa = PBXGroup;
			children = (
				94EFC9B72792473E00CC6B47 /* MainSceneConfigurator_CN.swift */,
			);
			path = Configurator;
			sourceTree = "<group>";
		};
		94EFC9B927924AE700CC6B47 /* ViewModel */ = {
			isa = PBXGroup;
			children = (
				94EFC9BE27924C0F00CC6B47 /* NotificationsViewModel_CN.swift */,
				9437606428661BBC00884E5A /* ErrorHandler */,
			);
			path = ViewModel;
			sourceTree = "<group>";
		};
		94EFC9BA27924B0900CC6B47 /* Router */ = {
			isa = PBXGroup;
			children = (
				94EFC9BB27924B3900CC6B47 /* MainRouter_CN.swift */,
			);
			path = Router;
			sourceTree = "<group>";
		};
		94EFC9BD27924BDE00CC6B47 /* Router */ = {
			isa = PBXGroup;
			children = (
				94EFC9C027924CF600CC6B47 /* NotificationsRouter_CN.swift */,
			);
			path = Router;
			sourceTree = "<group>";
		};
		94EFC9C227924D6600CC6B47 /* Notofocation */ = {
			isa = PBXGroup;
			children = (
				94EFC9C327924D7C00CC6B47 /* Notification_CN.swift */,
				947850F9279E353C00F1EEAC /* Gateway */,
				9437606B2866509500884E5A /* Error */,
			);
			path = Notofocation;
			sourceTree = "<group>";
		};
		94EFC9C727924DF800CC6B47 /* Notification */ = {
			isa = PBXGroup;
			children = (
				94EFC9C827924E1900CC6B47 /* NotificationRepository_CN.swift */,
				94EFC9CA27924E8000CC6B47 /* Network */,
				94EFC9CB27924E8500CC6B47 /* LocalStorage */,
				9437605C2865D6C300884E5A /* ErrorHandler */,
			);
			path = Notification;
			sourceTree = "<group>";
		};
		94EFC9CA27924E8000CC6B47 /* Network */ = {
			isa = PBXGroup;
			children = (
				94EFC9CC27924EA200CC6B47 /* NotificationNetworkRepository_CN.swift */,
			);
			path = Network;
			sourceTree = "<group>";
		};
		94EFC9CB27924E8500CC6B47 /* LocalStorage */ = {
			isa = PBXGroup;
			children = (
				94EFC9CE27924ECB00CC6B47 /* NotificationPersistenceRepository_CN.swift */,
			);
			path = LocalStorage;
			sourceTree = "<group>";
		};
		94EFC9D027924EEB00CC6B47 /* Configurator */ = {
			isa = PBXGroup;
			children = (
				94EFC9D127924EF500CC6B47 /* NotificationSceneConfigurator_CN.swift */,
			);
			path = Configurator;
			sourceTree = "<group>";
		};
		94EFC9D52792502800CC6B47 /* SceneConfigurator */ = {
			isa = PBXGroup;
			children = (
				94EFC9D32792500F00CC6B47 /* SceneConfigurator_CN.swift */,
			);
			path = SceneConfigurator;
			sourceTree = "<group>";
		};
		94EFC9D62792529800CC6B47 /* ViewModel */ = {
			isa = PBXGroup;
			children = (
				94EFC9D7279252AD00CC6B47 /* MenuViewModel_CN.swift */,
				946B142327B6FD9900AF3BBB /* ErrorHandler */,
			);
			path = ViewModel;
			sourceTree = "<group>";
		};
		94EFC9D9279252D800CC6B47 /* Router */ = {
			isa = PBXGroup;
			children = (
				94EFC9DA279252F100CC6B47 /* MenuRouter_CN.swift */,
			);
			path = Router;
			sourceTree = "<group>";
		};
		94EFC9DC2792534C00CC6B47 /* Configurator */ = {
			isa = PBXGroup;
			children = (
				94EFC9DD2792535600CC6B47 /* MenuSceneConfigurator_CN.swift */,
			);
			path = Configurator;
			sourceTree = "<group>";
		};
/* End PBXGroup section */

/* Begin PBXNativeTarget section */
		50A1CB82278CCC63000F9BFC /* CalmingNotifications */ = {
			isa = PBXNativeTarget;
			buildConfigurationList = 50A1CB97278CCC6F000F9BFC /* Build configuration list for PBXNativeTarget "CalmingNotifications" */;
			buildPhases = (
				50A1CB7F278CCC63000F9BFC /* Sources */,
				50A1CB80278CCC63000F9BFC /* Frameworks */,
				50A1CB81278CCC63000F9BFC /* Resources */,
			);
			buildRules = (
			);
			dependencies = (
			);
			name = CalmingNotifications;
			packageProductDependencies = (
				94376042285F5B2400884E5A /* BabyNet */,
				94376045285F5BDA00884E5A /* MommysEye */,
			);
			productName = CalmingNotifications;
			productReference = 50A1CB83278CCC63000F9BFC /* CalmingNotifications.app */;
			productType = "com.apple.product-type.application";
		};
/* End PBXNativeTarget section */

/* Begin PBXProject section */
		50A1CB7B278CCC63000F9BFC /* Project object */ = {
			isa = PBXProject;
			attributes = {
				LastSwiftUpdateCheck = 1150;
				LastUpgradeCheck = 1320;
				ORGANIZATIONNAME = Max;
				TargetAttributes = {
					50A1CB82278CCC63000F9BFC = {
						CreatedOnToolsVersion = 11.5;
					};
				};
			};
			buildConfigurationList = 50A1CB7E278CCC63000F9BFC /* Build configuration list for PBXProject "CalmingNotifications" */;
			compatibilityVersion = "Xcode 9.3";
			developmentRegion = en;
			hasScannedForEncodings = 0;
			knownRegions = (
				en,
				Base,
			);
			mainGroup = 50A1CB7A278CCC63000F9BFC;
			packageReferences = (
				94376040285F594800884E5A /* XCRemoteSwiftPackageReference "BabyNet" */,
				94376044285F5BDA00884E5A /* XCRemoteSwiftPackageReference "MommysEye" */,
			);
			productRefGroup = 50A1CB84278CCC63000F9BFC /* Products */;
			projectDirPath = "";
			projectRoot = "";
			targets = (
				50A1CB82278CCC63000F9BFC /* CalmingNotifications */,
			);
		};
/* End PBXProject section */

/* Begin PBXResourcesBuildPhase section */
		50A1CB81278CCC63000F9BFC /* Resources */ = {
			isa = PBXResourcesBuildPhase;
			buildActionMask = 2147483647;
			files = (
				9437604E2861F94900884E5A /* Montserrat-Bold.ttf in Resources */,
				9437604C2861F94900884E5A /* Montserrat-Regular.ttf in Resources */,
				50A1CB93278CCC6F000F9BFC /* LaunchScreen.storyboard in Resources */,
				9437604D2861F94900884E5A /* Montserrat-Thin.ttf in Resources */,
				50A1CB90278CCC6F000F9BFC /* Assets.xcassets in Resources */,
				943760502861F94900884E5A /* Montserrat-ExtraBold.ttf in Resources */,
				9437604F2861F94900884E5A /* Montserrat-Black.ttf in Resources */,
			);
			runOnlyForDeploymentPostprocessing = 0;
		};
/* End PBXResourcesBuildPhase section */

/* Begin PBXSourcesBuildPhase section */
		50A1CB7F278CCC63000F9BFC /* Sources */ = {
			isa = PBXSourcesBuildPhase;
			buildActionMask = 2147483647;
			files = (
				94EFC9B5279240B900CC6B47 /* QuoteCardPersistenceRepository.swift in Sources */,
				946B13E927B1D5F000AF3BBB /* AppColors_CN.swift in Sources */,
				94EFC9C927924E1900CC6B47 /* NotificationRepository_CN.swift in Sources */,
				50A1CB8B278CCC63000F9BFC /* MainViewController_CN.swift in Sources */,
				946B141027B459CA00AF3BBB /* GatewaysRepositoryDIContainer_CN.swift in Sources */,
				50A1CB87278CCC63000F9BFC /* AppDelegate.swift in Sources */,
				94EFC9AA27923E5600CC6B47 /* QuoteCardGateway_CN.swift in Sources */,
				9426DB9227C181520057CB68 /* TestViewController.swift in Sources */,
				946B13F227B2BEA300AF3BBB /* FavoritesViewController_CN.swift in Sources */,
				946B13F027B2BE8800AF3BBB /* FavoritesSceneConfigurator_CN.swift in Sources */,
				94EFC9BC27924B3900CC6B47 /* MainRouter_CN.swift in Sources */,
				9441818D27AD842B00AD9FDD /* SplashRouter_CN.swift in Sources */,
				946AF5BF2871DEC70047E508 /* DomainErrorProtocol_CN.swift in Sources */,
				943760662866501D00884E5A /* QuoteCardError_CN.swift in Sources */,
				50A1CB9F278F63B0000F9BFC /* MainTabBarViewController_CN.swift in Sources */,
				943760552865D1E100884E5A /* QuoteCardErrorHandler_CN.swift in Sources */,
				9478510227A9929700F1EEAC /* LoaderState_CN.swift in Sources */,
				946B142527B6FDAF00AF3BBB /* MenuErrorHandler_CN.swift in Sources */,
				946B13E727B0014C00AF3BBB /* PushNotificationsAuthStatus_CN.swift in Sources */,
				943760522863228C00884E5A /* QuoteCardNetworkSessionDelegate_CN.swift in Sources */,
				94EFC9AD27923F7C00CC6B47 /* QuoteCardRepository_CN.swift in Sources */,
				94EFC9A327923C5500CC6B47 /* MainViewModel_CN.swift in Sources */,
				94EFC9DE2792535600CC6B47 /* MenuSceneConfigurator_CN.swift in Sources */,
				94EFC9CF27924ECB00CC6B47 /* NotificationPersistenceRepository_CN.swift in Sources */,
				94EFC9C127924CF600CC6B47 /* NotificationsRouter_CN.swift in Sources */,
				94EFC9C627924D9800CC6B47 /* NotificationGateway_CN.swift in Sources */,
				9426DB9427C1E5570057CB68 /* Animator_CN.swift in Sources */,
				946B13F427B2BEE100AF3BBB /* FavoritesViewModel_CN.swift in Sources */,
				94EFC9B82792473E00CC6B47 /* MainSceneConfigurator_CN.swift in Sources */,
				946B141B27B5C9FC00AF3BBB /* MenuItem_CN.swift in Sources */,
				946B13FE27B2D5D800AF3BBB /* CoreDataStack_CN.swift in Sources */,
				946B141427B470A000AF3BBB /* MainTabBarConfigurator_CN.swift in Sources */,
				946B142027B6F93E00AF3BBB /* DateFormatter_CN.swift in Sources */,
				94EFC9D227924EF500CC6B47 /* NotificationSceneConfigurator_CN.swift in Sources */,
				9441818A27AD83F500AD9FDD /* SplashViewModel_CN.swift in Sources */,
				946AF5D428730B680047E508 /* MenuTransitionDelegate_CN.swift in Sources */,
				94EFC9D8279252AD00CC6B47 /* MenuViewModel_CN.swift in Sources */,
				943D160A27BA9AAF0071F054 /* DrawTextOnImage_CN.swift in Sources */,
				946B141827B5C41600AF3BBB /* MenuCollectionViewCell.swift in Sources */,
				9441818627AD83B300AD9FDD /* SplashViewController_CN.swift in Sources */,
				9441819027AD848000AD9FDD /* SplashSceneConfigurator_CN.swift in Sources */,
				943760602865FFEC00884E5A /* SceneErrorHandlerProtocol_CN.swift in Sources */,
				946B140B27B2F77500AF3BBB /* QuoteCardDBEntity+CoreDataProperties.swift in Sources */,
				946B140D27B3045B00AF3BBB /* FavoritesErrorHandler_CN.swift in Sources */,
				94057F1E27973A32009B5A2B /* NotificationsCollectionViewCell_CN.swift in Sources */,
				943D160727BA97710071F054 /* MainErrorHandler_CN.swift in Sources */,
				946B142227B6FC1200AF3BBB /* MenuItemGateway_CN.swift in Sources */,
				94EFC9D42792500F00CC6B47 /* SceneConfigurator_CN.swift in Sources */,
				9458BDC4285F353100CF3E61 /* QuoteCardNetworkEntity_CN.swift in Sources */,
				9437605B2865D65500884E5A /* NotificationsErrorHandler_CN.swift in Sources */,
				943D160527B9A5190071F054 /* QuoteCardState_CN.swift in Sources */,
				94057F2027975249009B5A2B /* NotificationsCollectionHeaderReusableView.swift in Sources */,
				9437605E2865FBA800884E5A /* SplashErrorHandler_CN.swift in Sources */,
				946B13E527AF398E00AF3BBB /* SceneState.swift in Sources */,
				946B140A27B2F77500AF3BBB /* QuoteCardDBEntity+CoreDataClass.swift in Sources */,
				946B13F827B2C1A100AF3BBB /* FavoritesCollectionViewCell.swift in Sources */,
				946B141E27B6DD8A00AF3BBB /* ShadowSetup_CN.swift in Sources */,
				94EFC9DB279252F100CC6B47 /* MenuRouter_CN.swift in Sources */,
				50A1CBA1278F6C50000F9BFC /* NotificationsViewController_CN.swift in Sources */,
				94EFC9C427924D7C00CC6B47 /* Notification_CN.swift in Sources */,
				94EFC9A627923D6F00CC6B47 /* QuoteCard_CN.swift in Sources */,
				94EFC9BF27924C0F00CC6B47 /* NotificationsViewModel_CN.swift in Sources */,
				94800868279631B500D34D4B /* LocalPushNotificationsService_CN.swift in Sources */,
				50A1CB89278CCC63000F9BFC /* SceneDelegate.swift in Sources */,
				9437606A2866507B00884E5A /* NotificationError_CN.swift in Sources */,
				9437606328661BB900884E5A /* NotificationsSceneErrorHandler_CN.swift in Sources */,
				94EFC9CD27924EA200CC6B47 /* NotificationNetworkRepository_CN.swift in Sources */,
				946B140227B2D73E00AF3BBB /* CalmingNotifications.xcdatamodeld in Sources */,
				50A1CB9B278CF04B000F9BFC /* MainCollectionViewCell_CN.swift in Sources */,
				946B13F627B2BEF200AF3BBB /* FavoritesRouter_CN.swift in Sources */,
				94EFC9B32792409100CC6B47 /* QuoteCardNetworkRepository.swift in Sources */,
				947850F8279E2F7000F1EEAC /* LocalPushNotificationServiceDTOMapperWrapper_CN.swift in Sources */,
				50A1CBA3278F6C92000F9BFC /* MenuViewController_CN.swift in Sources */,
				946B142827B6FF3500AF3BBB /* MenuItemRepository_CN.swift in Sources */,
			);
			runOnlyForDeploymentPostprocessing = 0;
		};
/* End PBXSourcesBuildPhase section */

/* Begin PBXVariantGroup section */
		50A1CB91278CCC6F000F9BFC /* LaunchScreen.storyboard */ = {
			isa = PBXVariantGroup;
			children = (
				50A1CB92278CCC6F000F9BFC /* Base */,
			);
			name = LaunchScreen.storyboard;
			sourceTree = "<group>";
		};
/* End PBXVariantGroup section */

/* Begin XCBuildConfiguration section */
		50A1CB95278CCC6F000F9BFC /* Debug */ = {
			isa = XCBuildConfiguration;
			buildSettings = {
				ALWAYS_SEARCH_USER_PATHS = NO;
				CLANG_ANALYZER_NONNULL = YES;
				CLANG_ANALYZER_NUMBER_OBJECT_CONVERSION = YES_AGGRESSIVE;
				CLANG_CXX_LANGUAGE_STANDARD = "gnu++14";
				CLANG_CXX_LIBRARY = "libc++";
				CLANG_ENABLE_MODULES = YES;
				CLANG_ENABLE_OBJC_ARC = YES;
				CLANG_ENABLE_OBJC_WEAK = YES;
				CLANG_WARN_BLOCK_CAPTURE_AUTORELEASING = YES;
				CLANG_WARN_BOOL_CONVERSION = YES;
				CLANG_WARN_COMMA = YES;
				CLANG_WARN_CONSTANT_CONVERSION = YES;
				CLANG_WARN_DEPRECATED_OBJC_IMPLEMENTATIONS = YES;
				CLANG_WARN_DIRECT_OBJC_ISA_USAGE = YES_ERROR;
				CLANG_WARN_DOCUMENTATION_COMMENTS = YES;
				CLANG_WARN_EMPTY_BODY = YES;
				CLANG_WARN_ENUM_CONVERSION = YES;
				CLANG_WARN_INFINITE_RECURSION = YES;
				CLANG_WARN_INT_CONVERSION = YES;
				CLANG_WARN_NON_LITERAL_NULL_CONVERSION = YES;
				CLANG_WARN_OBJC_IMPLICIT_RETAIN_SELF = YES;
				CLANG_WARN_OBJC_LITERAL_CONVERSION = YES;
				CLANG_WARN_OBJC_ROOT_CLASS = YES_ERROR;
				CLANG_WARN_QUOTED_INCLUDE_IN_FRAMEWORK_HEADER = YES;
				CLANG_WARN_RANGE_LOOP_ANALYSIS = YES;
				CLANG_WARN_STRICT_PROTOTYPES = YES;
				CLANG_WARN_SUSPICIOUS_MOVE = YES;
				CLANG_WARN_UNGUARDED_AVAILABILITY = YES_AGGRESSIVE;
				CLANG_WARN_UNREACHABLE_CODE = YES;
				CLANG_WARN__DUPLICATE_METHOD_MATCH = YES;
				COPY_PHASE_STRIP = NO;
				DEBUG_INFORMATION_FORMAT = dwarf;
				ENABLE_STRICT_OBJC_MSGSEND = YES;
				ENABLE_TESTABILITY = YES;
				GCC_C_LANGUAGE_STANDARD = gnu11;
				GCC_DYNAMIC_NO_PIC = NO;
				GCC_NO_COMMON_BLOCKS = YES;
				GCC_OPTIMIZATION_LEVEL = 0;
				GCC_PREPROCESSOR_DEFINITIONS = (
					"DEBUG=1",
					"$(inherited)",
				);
				GCC_WARN_64_TO_32_BIT_CONVERSION = YES;
				GCC_WARN_ABOUT_RETURN_TYPE = YES_ERROR;
				GCC_WARN_UNDECLARED_SELECTOR = YES;
				GCC_WARN_UNINITIALIZED_AUTOS = YES_AGGRESSIVE;
				GCC_WARN_UNUSED_FUNCTION = YES;
				GCC_WARN_UNUSED_VARIABLE = YES;
				IPHONEOS_DEPLOYMENT_TARGET = 13.0;
				MTL_ENABLE_DEBUG_INFO = INCLUDE_SOURCE;
				MTL_FAST_MATH = YES;
				ONLY_ACTIVE_ARCH = YES;
				SDKROOT = iphoneos;
				SWIFT_ACTIVE_COMPILATION_CONDITIONS = DEBUG;
				SWIFT_OPTIMIZATION_LEVEL = "-Onone";
			};
			name = Debug;
		};
		50A1CB96278CCC6F000F9BFC /* Release */ = {
			isa = XCBuildConfiguration;
			buildSettings = {
				ALWAYS_SEARCH_USER_PATHS = NO;
				CLANG_ANALYZER_NONNULL = YES;
				CLANG_ANALYZER_NUMBER_OBJECT_CONVERSION = YES_AGGRESSIVE;
				CLANG_CXX_LANGUAGE_STANDARD = "gnu++14";
				CLANG_CXX_LIBRARY = "libc++";
				CLANG_ENABLE_MODULES = YES;
				CLANG_ENABLE_OBJC_ARC = YES;
				CLANG_ENABLE_OBJC_WEAK = YES;
				CLANG_WARN_BLOCK_CAPTURE_AUTORELEASING = YES;
				CLANG_WARN_BOOL_CONVERSION = YES;
				CLANG_WARN_COMMA = YES;
				CLANG_WARN_CONSTANT_CONVERSION = YES;
				CLANG_WARN_DEPRECATED_OBJC_IMPLEMENTATIONS = YES;
				CLANG_WARN_DIRECT_OBJC_ISA_USAGE = YES_ERROR;
				CLANG_WARN_DOCUMENTATION_COMMENTS = YES;
				CLANG_WARN_EMPTY_BODY = YES;
				CLANG_WARN_ENUM_CONVERSION = YES;
				CLANG_WARN_INFINITE_RECURSION = YES;
				CLANG_WARN_INT_CONVERSION = YES;
				CLANG_WARN_NON_LITERAL_NULL_CONVERSION = YES;
				CLANG_WARN_OBJC_IMPLICIT_RETAIN_SELF = YES;
				CLANG_WARN_OBJC_LITERAL_CONVERSION = YES;
				CLANG_WARN_OBJC_ROOT_CLASS = YES_ERROR;
				CLANG_WARN_QUOTED_INCLUDE_IN_FRAMEWORK_HEADER = YES;
				CLANG_WARN_RANGE_LOOP_ANALYSIS = YES;
				CLANG_WARN_STRICT_PROTOTYPES = YES;
				CLANG_WARN_SUSPICIOUS_MOVE = YES;
				CLANG_WARN_UNGUARDED_AVAILABILITY = YES_AGGRESSIVE;
				CLANG_WARN_UNREACHABLE_CODE = YES;
				CLANG_WARN__DUPLICATE_METHOD_MATCH = YES;
				COPY_PHASE_STRIP = NO;
				DEBUG_INFORMATION_FORMAT = "dwarf-with-dsym";
				ENABLE_NS_ASSERTIONS = NO;
				ENABLE_STRICT_OBJC_MSGSEND = YES;
				GCC_C_LANGUAGE_STANDARD = gnu11;
				GCC_NO_COMMON_BLOCKS = YES;
				GCC_WARN_64_TO_32_BIT_CONVERSION = YES;
				GCC_WARN_ABOUT_RETURN_TYPE = YES_ERROR;
				GCC_WARN_UNDECLARED_SELECTOR = YES;
				GCC_WARN_UNINITIALIZED_AUTOS = YES_AGGRESSIVE;
				GCC_WARN_UNUSED_FUNCTION = YES;
				GCC_WARN_UNUSED_VARIABLE = YES;
				IPHONEOS_DEPLOYMENT_TARGET = 13.0;
				MTL_ENABLE_DEBUG_INFO = NO;
				MTL_FAST_MATH = YES;
				SDKROOT = iphoneos;
				SWIFT_COMPILATION_MODE = wholemodule;
				SWIFT_OPTIMIZATION_LEVEL = "-O";
				VALIDATE_PRODUCT = YES;
			};
			name = Release;
		};
		50A1CB98278CCC6F000F9BFC /* Debug */ = {
			isa = XCBuildConfiguration;
			buildSettings = {
				ASSETCATALOG_COMPILER_APPICON_NAME = AppIcon;
				CODE_SIGN_STYLE = Automatic;
				DEVELOPMENT_TEAM = 49V2NFTYLV;
				INFOPLIST_FILE = CalmingNotifications/Info.plist;
				IPHONEOS_DEPLOYMENT_TARGET = 13.0;
				LD_RUNPATH_SEARCH_PATHS = (
					"$(inherited)",
					"@executable_path/Frameworks",
				);
				PRODUCT_BUNDLE_IDENTIFIER = com.maximi4.CalmingNotifications;
				PRODUCT_NAME = "$(TARGET_NAME)";
				SWIFT_VERSION = 5.0;
				TARGETED_DEVICE_FAMILY = 1;
			};
			name = Debug;
		};
		50A1CB99278CCC6F000F9BFC /* Release */ = {
			isa = XCBuildConfiguration;
			buildSettings = {
				ASSETCATALOG_COMPILER_APPICON_NAME = AppIcon;
				CODE_SIGN_STYLE = Automatic;
				DEVELOPMENT_TEAM = 49V2NFTYLV;
				INFOPLIST_FILE = CalmingNotifications/Info.plist;
				IPHONEOS_DEPLOYMENT_TARGET = 13.0;
				LD_RUNPATH_SEARCH_PATHS = (
					"$(inherited)",
					"@executable_path/Frameworks",
				);
				PRODUCT_BUNDLE_IDENTIFIER = com.maximi4.CalmingNotifications;
				PRODUCT_NAME = "$(TARGET_NAME)";
				SWIFT_VERSION = 5.0;
				TARGETED_DEVICE_FAMILY = 1;
			};
			name = Release;
		};
/* End XCBuildConfiguration section */

/* Begin XCConfigurationList section */
		50A1CB7E278CCC63000F9BFC /* Build configuration list for PBXProject "CalmingNotifications" */ = {
			isa = XCConfigurationList;
			buildConfigurations = (
				50A1CB95278CCC6F000F9BFC /* Debug */,
				50A1CB96278CCC6F000F9BFC /* Release */,
			);
			defaultConfigurationIsVisible = 0;
			defaultConfigurationName = Release;
		};
		50A1CB97278CCC6F000F9BFC /* Build configuration list for PBXNativeTarget "CalmingNotifications" */ = {
			isa = XCConfigurationList;
			buildConfigurations = (
				50A1CB98278CCC6F000F9BFC /* Debug */,
				50A1CB99278CCC6F000F9BFC /* Release */,
			);
			defaultConfigurationIsVisible = 0;
			defaultConfigurationName = Release;
		};
/* End XCConfigurationList section */

/* Begin XCRemoteSwiftPackageReference section */
		94376040285F594800884E5A /* XCRemoteSwiftPackageReference "BabyNet" */ = {
			isa = XCRemoteSwiftPackageReference;
			repositoryURL = "https://github.com/4440449/BabyNet";
			requirement = {
				branch = master;
				kind = branch;
			};
		};
		94376044285F5BDA00884E5A /* XCRemoteSwiftPackageReference "MommysEye" */ = {
			isa = XCRemoteSwiftPackageReference;
			repositoryURL = "https://github.com/4440449/MommysEye";
			requirement = {
				branch = master;
				kind = branch;
			};
		};
/* End XCRemoteSwiftPackageReference section */

/* Begin XCSwiftPackageProductDependency section */
		94376042285F5B2400884E5A /* BabyNet */ = {
			isa = XCSwiftPackageProductDependency;
			package = 94376040285F594800884E5A /* XCRemoteSwiftPackageReference "BabyNet" */;
			productName = BabyNet;
		};
		94376045285F5BDA00884E5A /* MommysEye */ = {
			isa = XCSwiftPackageProductDependency;
			package = 94376044285F5BDA00884E5A /* XCRemoteSwiftPackageReference "MommysEye" */;
			productName = MommysEye;
		};
/* End XCSwiftPackageProductDependency section */

/* Begin XCVersionGroup section */
		946B140027B2D73E00AF3BBB /* CalmingNotifications.xcdatamodeld */ = {
			isa = XCVersionGroup;
			children = (
				946B140127B2D73E00AF3BBB /* CalmingNotifications.xcdatamodel */,
			);
			currentVersion = 946B140127B2D73E00AF3BBB /* CalmingNotifications.xcdatamodel */;
			path = CalmingNotifications.xcdatamodeld;
			sourceTree = "<group>";
			versionGroupType = wrapper.xcdatamodel;
		};
/* End XCVersionGroup section */
	};
	rootObject = 50A1CB7B278CCC63000F9BFC /* Project object */;
}
